
Microsoft Visual Studio Solution File, Format Version 12.00
# Visual Studio 15
VisualStudioVersion = 15.0.28307.902
MinimumVisualStudioVersion = 10.0.40219.1
Project("{FAE04EC0-301F-11D3-BF4B-00C04F79EFBC}") = "LightsOut", "LightsOut\LightsOut.csproj", "{AC53F25E-4227-4EEA-A743-1D9BDFB6971D}"
EndProject
Project("{FAE04EC0-301F-11D3-BF4B-00C04F79EFBC}") = "LightsOutUnitTests", "LightsOutUnitTests\LightsOutUnitTests.csproj", "{7DD53C41-48FE-4BD9-92E6-C6114D87850A}"
EndProject
Global
	GlobalSection(SolutionConfigurationPlatforms) = preSolution
		Debug|Any CPU = Debug|Any CPU
		Release|Any CPU = Release|Any CPU
	EndGlobalSection
	GlobalSection(ProjectConfigurationPlatforms) = postSolution
		{AC53F25E-4227-4EEA-A743-1D9BDFB6971D}.Debug|Any CPU.ActiveCfg = Debug|Any CPU
		{AC53F25E-4227-4EEA-A743-1D9BDFB6971D}.Debug|Any CPU.Build.0 = Debug|Any CPU
		{AC53F25E-4227-4EEA-A743-1D9BDFB6971D}.Release|Any CPU.ActiveCfg = Release|Any CPU
		{AC53F25E-4227-4EEA-A743-1D9BDFB6971D}.Release|Any CPU.Build.0 = Release|Any CPU
		{7DD53C41-48FE-4BD9-92E6-C6114D87850A}.Debug|Any CPU.ActiveCfg = Debug|Any CPU
		{7DD53C41-48FE-4BD9-92E6-C6114D87850A}.Debug|Any CPU.Build.0 = Debug|Any CPU
		{7DD53C41-48FE-4BD9-92E6-C6114D87850A}.Release|Any CPU.ActiveCfg = Release|Any CPU
		{7DD53C41-48FE-4BD9-92E6-C6114D87850A}.Release|Any CPU.Build.0 = Release|Any CPU
	EndGlobalSection
	GlobalSection(SolutionProperties) = preSolution
		HideSolutionNode = FALSE
	EndGlobalSection
	GlobalSection(ExtensibilityGlobals) = postSolution
		SolutionGuid = {3EE02B15-1217-45A6-9D0E-A20F124F8D47}
	EndGlobalSection
EndGlobal
